{
  "name": "tabadaptor",
  "version": "0.0.2",
  "lockfileVersion": 1,
  "requires": true,
  "dependencies": {
    "@types/chai": {
      "version": "4.2.12",
      "resolved": "https://registry.npmjs.org/@types/chai/-/chai-4.2.12.tgz",
      "integrity": "sha512-aN5IAC8QNtSUdQzxu7lGBgYAOuU1tmRU4c9dIq5OKGf/SBVjXo+ffM2wEjudAWbgpOhy60nLoAGH1xm8fpCKFQ=="
    },
    "@types/mocha": {
      "version": "8.0.3",
      "resolved": "https://registry.npmjs.org/@types/mocha/-/mocha-8.0.3.tgz",
      "integrity": "sha512-vyxR57nv8NfcU0GZu8EUXZLTbCMupIUwy95LJ6lllN+JRPG25CwMHoB1q5xKh8YKhQnHYRAn4yW2yuHbf/5xgg=="
    }
  }
}
